github.com/StackExchange/wmi v0.0.0-20190523213315-cbe66965904d h1:G0m3OIz70MZUWq3EgK3CesDbo8upS2Vm9/P3FtgI+Jk=
github.com/StackExchange/wmi v0.0.0-20190523213315-cbe66965904d/go.mod h1:3eOhrUMpNV+6aFIbp5/iudMxNCF27Vw2OZgy4xEx0Fg=
github.com/StackExchange/wmi v1.2.1 h1:VIkavFPXSjcnS+O8yTq7NI32k0R5Aj+v39y29VYDOSA=
github.com/StackExchange/wmi v1.2.1/go.mod h1:rcmrprowKIVzvc+NUiLncP2uuArMWLCbu9SBzvHz7e8=
github.com/benhoyt/goawk v1.7.0 h1:aIoVTVKK0MV+MMBgQC/QpO5piAu86v1AEvJmPypC6kk=
github.com/benhoyt/goawk v1.7.0/go.mod h1:UKzPyqDh9O7HZ/ftnU33MYlAP2rPbXdwQ+OVlEOPsjM=
github.com/benhoyt/goawk v1.9.2 h1:LuA8B+CZgxIGAgWA2dnolkA/pvvQ1v6bt3K4YBzg31M=
github.com/benhoyt/goawk v1.9.2/go.mod h1:UKzPyqDh9O7HZ/ftnU33MYlAP2rPbXdwQ+OVlEOPsjM=
github.com/davecgh/go-spew v1.1.0 h1:ZDRjVQ15GmhC3fiQ8ni8+OwkZQO4DARzQgrnXU1Liz8=
github.com/davecgh/go-spew v1.1.0/go.mod h1:J7Y8YcW2NihsgmVo/mv3lAwl/skON4iLHjSsI+c5H38=
github.com/go-ole/go-ole v1.2.4 h1:nNBDSCOigTSiarFpYE9J/KtEA1IOW4CNeqT9TQDqCxI=
github.com/go-ole/go-ole v1.2.4/go.mod h1:XCwSNxSkXRo4vlyPy93sltvi/qJq0jqQhjqQNIwKuxM=
github.com/go-ole/go-ole v1.2.5/go.mod h1:pprOEPIfldk/42T2oK7lQ4v4JSDwmV0As9GaiUsvbm0=
github.com/go-ole/go-ole v1.2.6 h1:/Fpf6oFPoeFik9ty7siob0G6Ke8QvQEuVcuChpwXzpY=
github.com/go-ole/go-ole v1.2.6/go.mod h1:pprOEPIfldk/42T2oK7lQ4v4JSDwmV0As9GaiUsvbm0=
github.com/google/go-cmp v0.5.6/go.mod h1:v8dTdLbMG2kIc/vJvl+f65V22dbkXbowE6jgT/gNBxE=
github.com/lufia/plan9stats v0.0.0-20211012122336-39d0f177ccd0/go.mod h1:zJYVVT2jmtg6P3p1VtQj7WsuWi/y4VnjVBn7F8KPB3I=
github.com/pmezard/go-difflib v1.0.0 h1:4DBwDE0NGyQoBHbLQYPwSUPoCMWR5BEzIk/f1lZbAQM=
github.com/pmezard/go-difflib v1.0.0/go.mod h1:iKH77koFhYxTK1pcRnkKkqfTogsbg7gZNVY4sRDYZ/4=
github.com/shirou/gopsutil/v3 v3.21.3 h1:wgcdAHZS2H6qy4JFewVTtqfiYxFzCeEJod/mLztdPG8=
github.com/shirou/gopsutil/v3 v3.21.3/go.mod h1:ghfMypLDrFSWN2c9cDYFLHyynQ+QUht0cv/18ZqVczw=
github.com/shirou/gopsutil/v3 v3.21.10 h1:flTg1DrnV/UVrBqjLgVgDJzx6lf+91rC64/dBHmO2IA=
github.com/shirou/gopsutil/v3 v3.21.10/go.mod h1:t75NhzCZ/dYyPQjyQmrAYP6c8+LCdFANeBMdLPCNnew=
github.com/stretchr/objx v0.1.0/go.mod h1:HFkY916IF+rwdDfMAkV7OtwuqBVzrE8GR6GFx+wExME=
github.com/stretchr/testify v1.6.1 h1:hDPOHmpOpP40lSULcqw7IrRb/u7w6RpDC9399XyoNd0=
github.com/stretchr/testify v1.6.1/go.mod h1:6Fq8oRcR53rry900zMqJjRRixrwX3KX962/h/Wwjteg=
github.com/stretchr/testify v1.7.0 h1:nwc3DEeHmmLAfoZucVR881uASk0Mfjw8xYJ99tb5CcY=
github.com/stretchr/testify v1.7.0/go.mod h1:6Fq8oRcR53rry900zMqJjRRixrwX3KX962/h/Wwjteg=
github.com/tidwall/btree v0.4.2 h1:aLwwJlG+InuFzdAPuBf9YCAR1LvSQ9zhC5aorFPlIPs=
github.com/tidwall/btree v0.4.2/go.mod h1:huei1BkDWJ3/sLXmO+bsCNELL+Bp2Kks9OLyQFkzvA8=
github.com/tidwall/btree v0.6.1 h1:75VVgBeviiDO+3g4U+7+BaNBNhNINxB0ULPT3fs9pMY=
github.com/tidwall/btree v0.6.1/go.mod h1:TzIRzen6yHbibdSfK6t8QimqbUnoxUSrZfeW7Uob0q4=
github.com/tidwall/gjson v1.7.4 h1:19cchw8FOxkG5mdLRkGf9jqIqEyqdZhPqW60XfyFxk8=
github.com/tidwall/gjson v1.7.4/go.mod h1:5/xDoumyyDNerp2U36lyolv46b3uF/9Bu6OfyQ9GImk=
github.com/tidwall/gjson v1.11.0 h1:C16pk7tQNiH6VlCrtIXL1w8GaOsi1X3W8KDkE1BuYd4=
github.com/tidwall/gjson v1.11.0/go.mod h1:/wbyibRr2FHMks5tjHJ5F8dMZh3AcwJEMf5vlfC0lxk=
github.com/tidwall/match v1.0.3 h1:FQUVvBImDutD8wJLN6c5eMzWtjgONK9MwIBCOrUJKeE=
github.com/tidwall/match v1.0.3/go.mod h1:eRSPERbgtNPcGhD8UCthc6PmLEQXEWd3PRB5JTxsfmM=
github.com/tidwall/match v1.1.1 h1:+Ho715JplO36QYgwN9PGYNhgZvoUSc9X2c80KVTi+GA=
github.com/tidwall/match v1.1.1/go.mod h1:eRSPERbgtNPcGhD8UCthc6PmLEQXEWd3PRB5JTxsfmM=
github.com/tidwall/pretty v1.1.0 h1:K3hMW5epkdAVwibsQEfR/7Zj0Qgt4DxtNumTq/VloO8=
github.com/tidwall/pretty v1.1.0/go.mod h1:XNkn88O1ChpSDQmQeStsy+sBenx6DDtFZJxhVysOjyk=
github.com/tidwall/pretty v1.2.0 h1:RWIZEg2iJ8/g6fDDYzMpobmaoGh5OLl4AXtGUGPcqCs=
github.com/tidwall/pretty v1.2.0/go.mod h1:ITEVvHYasfjBbM0u2Pg8T2nJnzm8xPwvNhhsoaGGjNU=
github.com/tklauser/go-sysconf v0.3.4 h1:HT8SVixZd3IzLdfs/xlpq0jeSfTX57g1v6wB1EuzV7M=
github.com/tklauser/go-sysconf v0.3.4/go.mod h1:Cl2c8ZRWfHD5IrfHo9VN+FX9kCFjIOyVklgXycLB6ek=
github.com/tklauser/go-sysconf v0.3.9 h1:JeUVdAOWhhxVcU6Eqr/ATFHgXk/mmiItdKeJPev3vTo=
github.com/tklauser/go-sysconf v0.3.9/go.mod h1:11DU/5sG7UexIrp/O6g35hrWzu0JxlwQ3LSFUzyeuhs=
github.com/tklauser/numcpus v0.2.1 h1:ct88eFm+Q7m2ZfXJdan1xYoXKlmwsfP+k88q05KvlZc=
github.com/tklauser/numcpus v0.2.1/go.mod h1:9aU+wOc6WjUIZEwWMP62PL/41d65P+iks1gBkr4QyP8=
github.com/tklauser/numcpus v0.3.0 h1:ILuRUQBtssgnxw0XXIjKUC56fgnOrFoQQ/4+DeU2biQ=
github.com/tklauser/numcpus v0.3.0/go.mod h1:yFGUr7TUHQRAhyqBcEg0Ge34zDBAsIvJJcyE6boqnA8=
golang.org/x/sys v0.0.0-20190916202348-b4ddaad3f8a3/go.mod h1:h1NjWce9XRLGQEsW7wpKNCjG9DtNlClVuFLEZdDNbEs=
golang.org/x/sys v0.0.0-20210217105451-b926d437f341 h1:2/QtM1mL37YmcsT8HaDNHDgTqqFVw+zr8UzMiBVLzYU=
golang.org/x/sys v0.0.0-20210217105451-b926d437f341/go.mod h1:h1NjWce9XRLGQEsW7wpKNCjG9DtNlClVuFLEZdDNbEs=
golang.org/x/sys v0.0.0-20210816074244-15123e1e1f71/go.mod h1:oPkhp1MJrh7nUepCBck5+mAzfO9JrbApNNgaTdGDITg=
golang.org/x/sys v0.0.0-20211013075003-97ac67df715c h1:taxlMj0D/1sOAuv/CbSD+MMDof2vbyPTqz5FNYKpXt8=
golang.org/x/sys v0.0.0-20211013075003-97ac67df715c/go.mod h1:oPkhp1MJrh7nUepCBck5+mAzfO9JrbApNNgaTdGDITg=
golang.org/x/xerrors v0.0.0-20191204190536-9bdfabe68543/go.mod h1:I/5z698sn9Ka8TeJc9MKroUUfqBBauWjQqLJ2OPfmY0=
gopkg.in/check.v1 v0.0.0-20161208181325-20d25e280405 h1:yhCVgyC4o1eVCa2tZl7eS0r+SDo693bJlVdllGtEeKM=
gopkg.in/check.v1 v0.0.0-20161208181325-20d25e280405/go.mod h1:Co6ibVJAznAaIkqp8huTwlJQCZ016jof/cbN4VW5Yz0=
gopkg.in/yaml.v3 v3.0.0-20200313102051-9f266ea9e77c h1:dUUwHk2QECo/6vqA44rthZ8ie2QXMNeKRTHCNY2nXvo=
gopkg.in/yaml.v3 v3.0.0-20200313102051-9f266ea9e77c/go.mod h1:K4uyk7z7BCEPqu6E+C64Yfv1cQ7kz7rIZviUmN+EgEM=
